
Microsoft Visual Studio Solution File, Format Version 12.00
# Visual Studio Version 17
VisualStudioVersion = 17.9.34607.119
MinimumVisualStudioVersion = 10.0.40219.1
Project("{9A19103F-16F7-4668-BE54-9A1E7A4F7556}") = "Calculadora", "Calculadora.csproj", "{9EA6D1C1-D3FF-4E0D-904D-61D57EBA02B5}"
EndProject
Project("{9A19103F-16F7-4668-BE54-9A1E7A4F7556}") = "Calculadora.Test", "..\Calculadora.Test\Calculadora.Test.csproj", "{C8B742AC-E5F6-4220-8FF2-AA689BFDF15E}"
EndProject
Global
	GlobalSection(SolutionConfigurationPlatforms) = preSolution
		Debug|Any CPU = Debug|Any CPU
		Release|Any CPU = Release|Any CPU
	EndGlobalSection
	GlobalSection(ProjectConfigurationPlatforms) = postSolution
		{9EA6D1C1-D3FF-4E0D-904D-61D57EBA02B5}.Debug|Any CPU.ActiveCfg = Debug|Any CPU
		{9EA6D1C1-D3FF-4E0D-904D-61D57EBA02B5}.Debug|Any CPU.Build.0 = Debug|Any CPU
		{9EA6D1C1-D3FF-4E0D-904D-61D57EBA02B5}.Release|Any CPU.ActiveCfg = Release|Any CPU
		{9EA6D1C1-D3FF-4E0D-904D-61D57EBA02B5}.Release|Any CPU.Build.0 = Release|Any CPU
		{C8B742AC-E5F6-4220-8FF2-AA689BFDF15E}.Debug|Any CPU.ActiveCfg = Debug|Any CPU
		{C8B742AC-E5F6-4220-8FF2-AA689BFDF15E}.Debug|Any CPU.Build.0 = Debug|Any CPU
		{C8B742AC-E5F6-4220-8FF2-AA689BFDF15E}.Release|Any CPU.ActiveCfg = Release|Any CPU
		{C8B742AC-E5F6-4220-8FF2-AA689BFDF15E}.Release|Any CPU.Build.0 = Release|Any CPU
	EndGlobalSection
	GlobalSection(SolutionProperties) = preSolution
		HideSolutionNode = FALSE
	EndGlobalSection
	GlobalSection(ExtensibilityGlobals) = postSolution
		SolutionGuid = {327D02AC-5684-4399-9ED2-52A1CA40245F}
	EndGlobalSection
EndGlobal
